// !$*UTF8*$!
{
	archiveVersion = 1;
	classes = {
	};
	objectVersion = 52;
	objects = {

/* Begin PBXBuildFile section */
		5B230D7A2575525100A161A2 /* AppDelegate.swift in Sources */ = {isa = PBXBuildFile; fileRef = 5B230D792575525100A161A2 /* AppDelegate.swift */; };
		5B230D832575525400A161A2 /* Assets.xcassets in Resources */ = {isa = PBXBuildFile; fileRef = 5B230D822575525400A161A2 /* Assets.xcassets */; };
		5B230D862575525400A161A2 /* LaunchScreen.storyboard in Resources */ = {isa = PBXBuildFile; fileRef = 5B230D842575525400A161A2 /* LaunchScreen.storyboard */; };
		5B230D912575525400A161A2 /* MeepTestTests.swift in Sources */ = {isa = PBXBuildFile; fileRef = 5B230D902575525400A161A2 /* MeepTestTests.swift */; };
		5B230D9C2575525400A161A2 /* MeepTestUITests.swift in Sources */ = {isa = PBXBuildFile; fileRef = 5B230D9B2575525400A161A2 /* MeepTestUITests.swift */; };
		5B285F5A2576516500B62C59 /* Transport.swift in Sources */ = {isa = PBXBuildFile; fileRef = 5B285F592576516500B62C59 /* Transport.swift */; };
		5B285F622576526E00B62C59 /* TransportRepository.swift in Sources */ = {isa = PBXBuildFile; fileRef = 5B285F612576526E00B62C59 /* TransportRepository.swift */; };
		5B285F682576538900B62C59 /* RxSwift in Frameworks */ = {isa = PBXBuildFile; productRef = 5B285F672576538900B62C59 /* RxSwift */; };
		5B285F6A2576538900B62C59 /* RxCocoa in Frameworks */ = {isa = PBXBuildFile; productRef = 5B285F692576538900B62C59 /* RxCocoa */; };
		5B285F6C2576538900B62C59 /* RxBlocking in Frameworks */ = {isa = PBXBuildFile; productRef = 5B285F6B2576538900B62C59 /* RxBlocking */; };
		5B285F72257655B800B62C59 /* Quick in Frameworks */ = {isa = PBXBuildFile; productRef = 5B285F71257655B800B62C59 /* Quick */; };
		5B285F78257655F100B62C59 /* Nimble in Frameworks */ = {isa = PBXBuildFile; productRef = 5B285F77257655F100B62C59 /* Nimble */; };
		5B285F842576570A00B62C59 /* TransportsFetcher.swift in Sources */ = {isa = PBXBuildFile; fileRef = 5B285F832576570A00B62C59 /* TransportsFetcher.swift */; };
		5B285F8E257658B500B62C59 /* TransportsAPIClientMock.swift in Sources */ = {isa = PBXBuildFile; fileRef = 5B285F8D257658B500B62C59 /* TransportsAPIClientMock.swift */; };
		5B285F9725767EF900B62C59 /* TransportsSuccessResponse.json in Resources */ = {isa = PBXBuildFile; fileRef = 5B285F9625767EF900B62C59 /* TransportsSuccessResponse.json */; };
		5B285FA025767F5100B62C59 /* AnyTransportDataModelSpec.swift in Sources */ = {isa = PBXBuildFile; fileRef = 5B285F9F25767F5100B62C59 /* AnyTransportDataModelSpec.swift */; };
		5B285FA9257680CB00B62C59 /* JsonLoader.swift in Sources */ = {isa = PBXBuildFile; fileRef = 5B285FA8257680CB00B62C59 /* JsonLoader.swift */; };
		5B285FB925768A0500B62C59 /* TransportsDataModelV1.swift in Sources */ = {isa = PBXBuildFile; fileRef = 5B285FB825768A0500B62C59 /* TransportsDataModelV1.swift */; };
		5B285FC325768A7500B62C59 /* Region.swift in Sources */ = {isa = PBXBuildFile; fileRef = 5B285FC225768A7500B62C59 /* Region.swift */; };
		5B285FCB25768A8700B62C59 /* City.swift in Sources */ = {isa = PBXBuildFile; fileRef = 5B285FCA25768A8700B62C59 /* City.swift */; };
		5B285FD125768AC000B62C59 /* TransportRequestV1.swift in Sources */ = {isa = PBXBuildFile; fileRef = 5B285FD025768AC000B62C59 /* TransportRequestV1.swift */; };
		5B285FDA25768C3100B62C59 /* APIClient.swift in Sources */ = {isa = PBXBuildFile; fileRef = 5B285FD925768C3100B62C59 /* APIClient.swift */; };
		5B285FE025768D6F00B62C59 /* TransportDataModelToDomainMapper.swift in Sources */ = {isa = PBXBuildFile; fileRef = 5B285FDF25768D6F00B62C59 /* TransportDataModelToDomainMapper.swift */; };
		5B285FE625768EEE00B62C59 /* AnyTransportDataModelMapper.swift in Sources */ = {isa = PBXBuildFile; fileRef = 5B285FE525768EEE00B62C59 /* AnyTransportDataModelMapper.swift */; };
		5B285FF125768FE200B62C59 /* AnyTransportDataModelToDomainSpec.swift in Sources */ = {isa = PBXBuildFile; fileRef = 5B285FF025768FE200B62C59 /* AnyTransportDataModelToDomainSpec.swift */; };
		5B4183652577F80600AB572D /* TransportsMapViewController.swift in Sources */ = {isa = PBXBuildFile; fileRef = 5B4183642577F80600AB572D /* TransportsMapViewController.swift */; };
		5B41836D2577F81300AB572D /* TransportsMapViewModel.swift in Sources */ = {isa = PBXBuildFile; fileRef = 5B41836C2577F81300AB572D /* TransportsMapViewModel.swift */; };
		5B41837F2578FFC700AB572D /* TransportsMapViewStateModels.swift in Sources */ = {isa = PBXBuildFile; fileRef = 5B41837E2578FFC700AB572D /* TransportsMapViewStateModels.swift */; };
		5B4183842579018D00AB572D /* TransportsAPIClient.swift in Sources */ = {isa = PBXBuildFile; fileRef = 5B4183832579018D00AB572D /* TransportsAPIClient.swift */; };
		5B41838D2579346800AB572D /* Moya in Frameworks */ = {isa = PBXBuildFile; productRef = 5B41838C2579346800AB572D /* Moya */; };
		5B41838F2579346800AB572D /* RxMoya in Frameworks */ = {isa = PBXBuildFile; productRef = 5B41838E2579346800AB572D /* RxMoya */; };
		5B4183942579389300AB572D /* Endpoint.swift in Sources */ = {isa = PBXBuildFile; fileRef = 5B4183932579389300AB572D /* Endpoint.swift */; };
		5B41839D2579501800AB572D /* Configuration.swift in Sources */ = {isa = PBXBuildFile; fileRef = 5B41839C2579501800AB572D /* Configuration.swift */; };
		5B4183A9257A4DF100AB572D /* TransportsMapViewModelIntegrationSpec.swift in Sources */ = {isa = PBXBuildFile; fileRef = 5B4183A8257A4DF100AB572D /* TransportsMapViewModelIntegrationSpec.swift */; };
		5B4183BB257A548200AB572D /* TransportsMapViewCoordinator.swift in Sources */ = {isa = PBXBuildFile; fileRef = 5B4183BA257A548200AB572D /* TransportsMapViewCoordinator.swift */; };
		5B4183C4257A588700AB572D /* TransportDetailView.swift in Sources */ = {isa = PBXBuildFile; fileRef = 5B4183C3257A588700AB572D /* TransportDetailView.swift */; };
		5B4183C9257A5D6800AB572D /* TransportDetailViewState.swift in Sources */ = {isa = PBXBuildFile; fileRef = 5B4183C8257A5D6800AB572D /* TransportDetailViewState.swift */; };
		5B4183CE257A5DE100AB572D /* TransportDetailViewController.swift in Sources */ = {isa = PBXBuildFile; fileRef = 5B4183CD257A5DE100AB572D /* TransportDetailViewController.swift */; };
		5B4183D3257A5E4900AB572D /* TransportDetailViewModel.swift in Sources */ = {isa = PBXBuildFile; fileRef = 5B4183D2257A5E4900AB572D /* TransportDetailViewModel.swift */; };
		5B4183D8257A5FD900AB572D /* TransportDetailCoordinator.swift in Sources */ = {isa = PBXBuildFile; fileRef = 5B4183D7257A5FD900AB572D /* TransportDetailCoordinator.swift */; };
		5B4183DD257A69DD00AB572D /* MapViewSceneDelegate.swift in Sources */ = {isa = PBXBuildFile; fileRef = 5B4183DC257A69DD00AB572D /* MapViewSceneDelegate.swift */; };
		5B4957BC2577DD560070F04B /* TransportsFetcherSpec.swift in Sources */ = {isa = PBXBuildFile; fileRef = 5B4957BB2577DD560070F04B /* TransportsFetcherSpec.swift */; };
		5B8D54F0257A7CFD00A45B71 /* TransportDetailSceneDelegate.swift in Sources */ = {isa = PBXBuildFile; fileRef = 5B8D54EF257A7CFD00A45B71 /* TransportDetailSceneDelegate.swift */; };
		5B8D5505257A9BBE00A45B71 /* CompanyZoneProviders.swift in Sources */ = {isa = PBXBuildFile; fileRef = 5B8D5504257A9BBE00A45B71 /* CompanyZoneProviders.swift */; };
/* End PBXBuildFile section */

/* Begin PBXContainerItemProxy section */
		5B230D8D2575525400A161A2 /* PBXContainerItemProxy */ = {
			isa = PBXContainerItemProxy;
			containerPortal = 5B230D6E2575525100A161A2 /* Project object */;
			proxyType = 1;
			remoteGlobalIDString = 5B230D752575525100A161A2;
			remoteInfo = MeepTest;
		};
		5B230D982575525400A161A2 /* PBXContainerItemProxy */ = {
			isa = PBXContainerItemProxy;
			containerPortal = 5B230D6E2575525100A161A2 /* Project object */;
			proxyType = 1;
			remoteGlobalIDString = 5B230D752575525100A161A2;
			remoteInfo = MeepTest;
		};
/* End PBXContainerItemProxy section */

/* Begin PBXFileReference section */
		5B230D762575525100A161A2 /* MeepTest.app */ = {isa = PBXFileReference; explicitFileType = wrapper.application; includeInIndex = 0; path = MeepTest.app; sourceTree = BUILT_PRODUCTS_DIR; };
		5B230D792575525100A161A2 /* AppDelegate.swift */ = {isa = PBXFileReference; lastKnownFileType = sourcecode.swift; path = AppDelegate.swift; sourceTree = "<group>"; };
		5B230D822575525400A161A2 /* Assets.xcassets */ = {isa = PBXFileReference; lastKnownFileType = folder.assetcatalog; path = Assets.xcassets; sourceTree = "<group>"; };
		5B230D852575525400A161A2 /* Base */ = {isa = PBXFileReference; lastKnownFileType = file.storyboard; name = Base; path = Base.lproj/LaunchScreen.storyboard; sourceTree = "<group>"; };
		5B230D872575525400A161A2 /* Info.plist */ = {isa = PBXFileReference; lastKnownFileType = text.plist.xml; path = Info.plist; sourceTree = "<group>"; };
		5B230D8C2575525400A161A2 /* MeepTestTests.xctest */ = {isa = PBXFileReference; explicitFileType = wrapper.cfbundle; includeInIndex = 0; path = MeepTestTests.xctest; sourceTree = BUILT_PRODUCTS_DIR; };
		5B230D902575525400A161A2 /* MeepTestTests.swift */ = {isa = PBXFileReference; lastKnownFileType = sourcecode.swift; path = MeepTestTests.swift; sourceTree = "<group>"; };
		5B230D922575525400A161A2 /* Info.plist */ = {isa = PBXFileReference; lastKnownFileType = text.plist.xml; path = Info.plist; sourceTree = "<group>"; };
		5B230D972575525400A161A2 /* MeepTestUITests.xctest */ = {isa = PBXFileReference; explicitFileType = wrapper.cfbundle; includeInIndex = 0; path = MeepTestUITests.xctest; sourceTree = BUILT_PRODUCTS_DIR; };
		5B230D9B2575525400A161A2 /* MeepTestUITests.swift */ = {isa = PBXFileReference; lastKnownFileType = sourcecode.swift; path = MeepTestUITests.swift; sourceTree = "<group>"; };
		5B230D9D2575525400A161A2 /* Info.plist */ = {isa = PBXFileReference; lastKnownFileType = text.plist.xml; path = Info.plist; sourceTree = "<group>"; };
		5B285F592576516500B62C59 /* Transport.swift */ = {isa = PBXFileReference; lastKnownFileType = sourcecode.swift; path = Transport.swift; sourceTree = "<group>"; };
		5B285F612576526E00B62C59 /* TransportRepository.swift */ = {isa = PBXFileReference; lastKnownFileType = sourcecode.swift; path = TransportRepository.swift; sourceTree = "<group>"; };
		5B285F832576570A00B62C59 /* TransportsFetcher.swift */ = {isa = PBXFileReference; lastKnownFileType = sourcecode.swift; path = TransportsFetcher.swift; sourceTree = "<group>"; };
		5B285F8D257658B500B62C59 /* TransportsAPIClientMock.swift */ = {isa = PBXFileReference; lastKnownFileType = sourcecode.swift; path = TransportsAPIClientMock.swift; sourceTree = "<group>"; };
		5B285F9625767EF900B62C59 /* TransportsSuccessResponse.json */ = {isa = PBXFileReference; lastKnownFileType = text.json; path = TransportsSuccessResponse.json; sourceTree = "<group>"; };
		5B285F9F25767F5100B62C59 /* AnyTransportDataModelSpec.swift */ = {isa = PBXFileReference; lastKnownFileType = sourcecode.swift; path = AnyTransportDataModelSpec.swift; sourceTree = "<group>"; };
		5B285FA8257680CB00B62C59 /* JsonLoader.swift */ = {isa = PBXFileReference; lastKnownFileType = sourcecode.swift; path = JsonLoader.swift; sourceTree = "<group>"; };
		5B285FB825768A0500B62C59 /* TransportsDataModelV1.swift */ = {isa = PBXFileReference; lastKnownFileType = sourcecode.swift; path = TransportsDataModelV1.swift; sourceTree = "<group>"; };
		5B285FC225768A7500B62C59 /* Region.swift */ = {isa = PBXFileReference; lastKnownFileType = sourcecode.swift; path = Region.swift; sourceTree = "<group>"; };
		5B285FCA25768A8700B62C59 /* City.swift */ = {isa = PBXFileReference; lastKnownFileType = sourcecode.swift; path = City.swift; sourceTree = "<group>"; };
		5B285FD025768AC000B62C59 /* TransportRequestV1.swift */ = {isa = PBXFileReference; lastKnownFileType = sourcecode.swift; path = TransportRequestV1.swift; sourceTree = "<group>"; };
		5B285FD925768C3100B62C59 /* APIClient.swift */ = {isa = PBXFileReference; lastKnownFileType = sourcecode.swift; path = APIClient.swift; sourceTree = "<group>"; };
		5B285FDF25768D6F00B62C59 /* TransportDataModelToDomainMapper.swift */ = {isa = PBXFileReference; lastKnownFileType = sourcecode.swift; path = TransportDataModelToDomainMapper.swift; sourceTree = "<group>"; };
		5B285FE525768EEE00B62C59 /* AnyTransportDataModelMapper.swift */ = {isa = PBXFileReference; lastKnownFileType = sourcecode.swift; path = AnyTransportDataModelMapper.swift; sourceTree = "<group>"; };
		5B285FF025768FE200B62C59 /* AnyTransportDataModelToDomainSpec.swift */ = {isa = PBXFileReference; lastKnownFileType = sourcecode.swift; path = AnyTransportDataModelToDomainSpec.swift; sourceTree = "<group>"; };
		5B4183642577F80600AB572D /* TransportsMapViewController.swift */ = {isa = PBXFileReference; lastKnownFileType = sourcecode.swift; path = TransportsMapViewController.swift; sourceTree = "<group>"; };
		5B41836C2577F81300AB572D /* TransportsMapViewModel.swift */ = {isa = PBXFileReference; lastKnownFileType = sourcecode.swift; path = TransportsMapViewModel.swift; sourceTree = "<group>"; };
		5B41837E2578FFC700AB572D /* TransportsMapViewStateModels.swift */ = {isa = PBXFileReference; lastKnownFileType = sourcecode.swift; path = TransportsMapViewStateModels.swift; sourceTree = "<group>"; };
		5B4183832579018D00AB572D /* TransportsAPIClient.swift */ = {isa = PBXFileReference; lastKnownFileType = sourcecode.swift; path = TransportsAPIClient.swift; sourceTree = "<group>"; };
		5B4183932579389300AB572D /* Endpoint.swift */ = {isa = PBXFileReference; lastKnownFileType = sourcecode.swift; path = Endpoint.swift; sourceTree = "<group>"; };
		5B41839C2579501800AB572D /* Configuration.swift */ = {isa = PBXFileReference; lastKnownFileType = sourcecode.swift; path = Configuration.swift; sourceTree = "<group>"; };
		5B4183A8257A4DF100AB572D /* TransportsMapViewModelIntegrationSpec.swift */ = {isa = PBXFileReference; lastKnownFileType = sourcecode.swift; path = TransportsMapViewModelIntegrationSpec.swift; sourceTree = "<group>"; };
		5B4183BA257A548200AB572D /* TransportsMapViewCoordinator.swift */ = {isa = PBXFileReference; lastKnownFileType = sourcecode.swift; path = TransportsMapViewCoordinator.swift; sourceTree = "<group>"; };
		5B4183C3257A588700AB572D /* TransportDetailView.swift */ = {isa = PBXFileReference; lastKnownFileType = sourcecode.swift; path = TransportDetailView.swift; sourceTree = "<group>"; };
		5B4183C8257A5D6800AB572D /* TransportDetailViewState.swift */ = {isa = PBXFileReference; lastKnownFileType = sourcecode.swift; path = TransportDetailViewState.swift; sourceTree = "<group>"; };
		5B4183CD257A5DE100AB572D /* TransportDetailViewController.swift */ = {isa = PBXFileReference; lastKnownFileType = sourcecode.swift; path = TransportDetailViewController.swift; sourceTree = "<group>"; };
		5B4183D2257A5E4900AB572D /* TransportDetailViewModel.swift */ = {isa = PBXFileReference; lastKnownFileType = sourcecode.swift; path = TransportDetailViewModel.swift; sourceTree = "<group>"; };
		5B4183D7257A5FD900AB572D /* TransportDetailCoordinator.swift */ = {isa = PBXFileReference; lastKnownFileType = sourcecode.swift; path = TransportDetailCoordinator.swift; sourceTree = "<group>"; };
		5B4183DC257A69DD00AB572D /* MapViewSceneDelegate.swift */ = {isa = PBXFileReference; lastKnownFileType = sourcecode.swift; path = MapViewSceneDelegate.swift; sourceTree = "<group>"; };
		5B4957BB2577DD560070F04B /* TransportsFetcherSpec.swift */ = {isa = PBXFileReference; lastKnownFileType = sourcecode.swift; path = TransportsFetcherSpec.swift; sourceTree = "<group>"; };
		5B8D54EF257A7CFD00A45B71 /* TransportDetailSceneDelegate.swift */ = {isa = PBXFileReference; lastKnownFileType = sourcecode.swift; path = TransportDetailSceneDelegate.swift; sourceTree = "<group>"; };
		5B8D5504257A9BBE00A45B71 /* CompanyZoneProviders.swift */ = {isa = PBXFileReference; lastKnownFileType = sourcecode.swift; path = CompanyZoneProviders.swift; sourceTree = "<group>"; };
/* End PBXFileReference section */

/* Begin PBXFrameworksBuildPhase section */
		5B230D732575525100A161A2 /* Frameworks */ = {
			isa = PBXFrameworksBuildPhase;
			buildActionMask = 2147483647;
			files = (
				5B41838F2579346800AB572D /* RxMoya in Frameworks */,
				5B285F6A2576538900B62C59 /* RxCocoa in Frameworks */,
				5B285F6C2576538900B62C59 /* RxBlocking in Frameworks */,
				5B41838D2579346800AB572D /* Moya in Frameworks */,
				5B285F682576538900B62C59 /* RxSwift in Frameworks */,
			);
			runOnlyForDeploymentPostprocessing = 0;
		};
		5B230D892575525400A161A2 /* Frameworks */ = {
			isa = PBXFrameworksBuildPhase;
			buildActionMask = 2147483647;
			files = (
				5B285F72257655B800B62C59 /* Quick in Frameworks */,
				5B285F78257655F100B62C59 /* Nimble in Frameworks */,
			);
			runOnlyForDeploymentPostprocessing = 0;
		};
		5B230D942575525400A161A2 /* Frameworks */ = {
			isa = PBXFrameworksBuildPhase;
			buildActionMask = 2147483647;
			files = (
			);
			runOnlyForDeploymentPostprocessing = 0;
		};
/* End PBXFrameworksBuildPhase section */

/* Begin PBXGroup section */
		5B230D6D2575525100A161A2 = {
			isa = PBXGroup;
			children = (
				5B230D782575525100A161A2 /* MeepTest */,
				5B230D8F2575525400A161A2 /* MeepTestTests */,
				5B230D9A2575525400A161A2 /* MeepTestUITests */,
				5B230D772575525100A161A2 /* Products */,
			);
			sourceTree = "<group>";
		};
		5B230D772575525100A161A2 /* Products */ = {
			isa = PBXGroup;
			children = (
				5B230D762575525100A161A2 /* MeepTest.app */,
				5B230D8C2575525400A161A2 /* MeepTestTests.xctest */,
				5B230D972575525400A161A2 /* MeepTestUITests.xctest */,
			);
			name = Products;
			sourceTree = "<group>";
		};
		5B230D782575525100A161A2 /* MeepTest */ = {
			isa = PBXGroup;
			children = (
				5B285FF92576ADBF00B62C59 /* Application */,
				5B285FD625768BFA00B62C59 /* Infrastructure */,
				5B285FC025768A5900B62C59 /* Domain */,
				5B230D792575525100A161A2 /* AppDelegate.swift */,
				5B230D822575525400A161A2 /* Assets.xcassets */,
				5B230D842575525400A161A2 /* LaunchScreen.storyboard */,
				5B230D872575525400A161A2 /* Info.plist */,
			);
			path = MeepTest;
			sourceTree = "<group>";
		};
		5B230D8F2575525400A161A2 /* MeepTestTests */ = {
			isa = PBXGroup;
			children = (
				5B285FA72576807400B62C59 /* Helpers */,
				5B285F9E25767F1500B62C59 /* Unit */,
				5B285F9525767ED300B62C59 /* Resources */,
				5B285F8C257658A400B62C59 /* Mocks */,
				5B285F8B2576585100B62C59 /* Integration */,
				5B230D902575525400A161A2 /* MeepTestTests.swift */,
				5B230D922575525400A161A2 /* Info.plist */,
			);
			path = MeepTestTests;
			sourceTree = "<group>";
		};
		5B230D9A2575525400A161A2 /* MeepTestUITests */ = {
			isa = PBXGroup;
			children = (
				5B230D9B2575525400A161A2 /* MeepTestUITests.swift */,
				5B230D9D2575525400A161A2 /* Info.plist */,
			);
			path = MeepTestUITests;
			sourceTree = "<group>";
		};
		5B285F82257656F700B62C59 /* UseCases */ = {
			isa = PBXGroup;
			children = (
				5B285F832576570A00B62C59 /* TransportsFetcher.swift */,
			);
			path = UseCases;
			sourceTree = "<group>";
		};
		5B285F8B2576585100B62C59 /* Integration */ = {
			isa = PBXGroup;
			children = (
				5B4183A6257A4DCB00AB572D /* Application */,
			);
			path = Integration;
			sourceTree = "<group>";
		};
		5B285F8C257658A400B62C59 /* Mocks */ = {
			isa = PBXGroup;
			children = (
				5B285F8D257658B500B62C59 /* TransportsAPIClientMock.swift */,
			);
			path = Mocks;
			sourceTree = "<group>";
		};
		5B285F9525767ED300B62C59 /* Resources */ = {
			isa = PBXGroup;
			children = (
				5B285F9625767EF900B62C59 /* TransportsSuccessResponse.json */,
			);
			path = Resources;
			sourceTree = "<group>";
		};
		5B285F9E25767F1500B62C59 /* Unit */ = {
			isa = PBXGroup;
			children = (
				5B4957B92577DD130070F04B /* Application */,
				5B285FEE25768FB600B62C59 /* Infrastructure */,
				5B285FED25768FAE00B62C59 /* Domain */,
			);
			path = Unit;
			sourceTree = "<group>";
		};
		5B285FA72576807400B62C59 /* Helpers */ = {
			isa = PBXGroup;
			children = (
				5B285FA8257680CB00B62C59 /* JsonLoader.swift */,
			);
			path = Helpers;
			sourceTree = "<group>";
		};
		5B285FB6257689E100B62C59 /* Data */ = {
			isa = PBXGroup;
			children = (
				5B285FCF25768AAC00B62C59 /* RequestDataModel */,
				5B285FB7257689E600B62C59 /* DataModelV1 */,
			);
			path = Data;
			sourceTree = "<group>";
		};
		5B285FB7257689E600B62C59 /* DataModelV1 */ = {
			isa = PBXGroup;
			children = (
				5B285FB825768A0500B62C59 /* TransportsDataModelV1.swift */,
			);
			path = DataModelV1;
			sourceTree = "<group>";
		};
		5B285FC025768A5900B62C59 /* Domain */ = {
			isa = PBXGroup;
			children = (
				5B285FDE25768D5700B62C59 /* Mappers */,
				5B285FD825768C0E00B62C59 /* Client */,
				5B285FD525768BDA00B62C59 /* Repository */,
				5B285FC125768A6000B62C59 /* Model */,
			);
			path = Domain;
			sourceTree = "<group>";
		};
		5B285FC125768A6000B62C59 /* Model */ = {
			isa = PBXGroup;
			children = (
				5B285F592576516500B62C59 /* Transport.swift */,
				5B285FC225768A7500B62C59 /* Region.swift */,
				5B285FCA25768A8700B62C59 /* City.swift */,
			);
			path = Model;
			sourceTree = "<group>";
		};
		5B285FCF25768AAC00B62C59 /* RequestDataModel */ = {
			isa = PBXGroup;
			children = (
				5B285FD025768AC000B62C59 /* TransportRequestV1.swift */,
			);
			path = RequestDataModel;
			sourceTree = "<group>";
		};
		5B285FD525768BDA00B62C59 /* Repository */ = {
			isa = PBXGroup;
			children = (
				5B285F612576526E00B62C59 /* TransportRepository.swift */,
			);
			path = Repository;
			sourceTree = "<group>";
		};
		5B285FD625768BFA00B62C59 /* Infrastructure */ = {
			isa = PBXGroup;
			children = (
				5B8D5503257A9BA500A45B71 /* CompanyZoneProviders */,
				5B285FE425768EC000B62C59 /* Mappers */,
				5B285FD725768C0400B62C59 /* APIClient */,
				5B41839C2579501800AB572D /* Configuration.swift */,
			);
			path = Infrastructure;
			sourceTree = "<group>";
		};
		5B285FD725768C0400B62C59 /* APIClient */ = {
			isa = PBXGroup;
			children = (
				5B418398257939DF00AB572D /* Endpoints */,
				5B4183832579018D00AB572D /* TransportsAPIClient.swift */,
				5B4183932579389300AB572D /* Endpoint.swift */,
			);
			path = APIClient;
			sourceTree = "<group>";
		};
		5B285FD825768C0E00B62C59 /* Client */ = {
			isa = PBXGroup;
			children = (
				5B285FB6257689E100B62C59 /* Data */,
				5B285FD925768C3100B62C59 /* APIClient.swift */,
			);
			path = Client;
			sourceTree = "<group>";
		};
		5B285FDE25768D5700B62C59 /* Mappers */ = {
			isa = PBXGroup;
			children = (
				5B285FDF25768D6F00B62C59 /* TransportDataModelToDomainMapper.swift */,
			);
			path = Mappers;
			sourceTree = "<group>";
		};
		5B285FE425768EC000B62C59 /* Mappers */ = {
			isa = PBXGroup;
			children = (
				5B285FE525768EEE00B62C59 /* AnyTransportDataModelMapper.swift */,
			);
			path = Mappers;
			sourceTree = "<group>";
		};
		5B285FED25768FAE00B62C59 /* Domain */ = {
			isa = PBXGroup;
			children = (
				5B285F9F25767F5100B62C59 /* AnyTransportDataModelSpec.swift */,
			);
			path = Domain;
			sourceTree = "<group>";
		};
		5B285FEE25768FB600B62C59 /* Infrastructure */ = {
			isa = PBXGroup;
			children = (
				5B285FEF25768FC500B62C59 /* Mappers */,
			);
			path = Infrastructure;
			sourceTree = "<group>";
		};
		5B285FEF25768FC500B62C59 /* Mappers */ = {
			isa = PBXGroup;
			children = (
				5B285FF025768FE200B62C59 /* AnyTransportDataModelToDomainSpec.swift */,
			);
			path = Mappers;
			sourceTree = "<group>";
		};
		5B285FF92576ADBF00B62C59 /* Application */ = {
			isa = PBXGroup;
			children = (
				5B4183632577F7C600AB572D /* UI */,
				5B285F82257656F700B62C59 /* UseCases */,
			);
			path = Application;
			sourceTree = "<group>";
		};
		5B4183632577F7C600AB572D /* UI */ = {
			isa = PBXGroup;
			children = (
				5B4183C2257A569100AB572D /* Detail Scene */,
				5B4183B9257A545F00AB572D /* MapView Scene */,
			);
			path = UI;
			sourceTree = "<group>";
		};
		5B418398257939DF00AB572D /* Endpoints */ = {
			isa = PBXGroup;
			children = (
			);
			path = Endpoints;
			sourceTree = "<group>";
		};
		5B4183A6257A4DCB00AB572D /* Application */ = {
			isa = PBXGroup;
			children = (
				5B4183A7257A4DD400AB572D /* ViewModels */,
			);
			path = Application;
			sourceTree = "<group>";
		};
		5B4183A7257A4DD400AB572D /* ViewModels */ = {
			isa = PBXGroup;
			children = (
				5B4183A8257A4DF100AB572D /* TransportsMapViewModelIntegrationSpec.swift */,
			);
			path = ViewModels;
			sourceTree = "<group>";
		};
		5B4183B9257A545F00AB572D /* MapView Scene */ = {
			isa = PBXGroup;
			children = (
				5B4183642577F80600AB572D /* TransportsMapViewController.swift */,
				5B41836C2577F81300AB572D /* TransportsMapViewModel.swift */,
				5B41837E2578FFC700AB572D /* TransportsMapViewStateModels.swift */,
				5B4183BA257A548200AB572D /* TransportsMapViewCoordinator.swift */,
				5B4183DC257A69DD00AB572D /* MapViewSceneDelegate.swift */,
			);
			path = "MapView Scene";
			sourceTree = "<group>";
		};
		5B4183C2257A569100AB572D /* Detail Scene */ = {
			isa = PBXGroup;
			children = (
				5B4183C3257A588700AB572D /* TransportDetailView.swift */,
				5B4183C8257A5D6800AB572D /* TransportDetailViewState.swift */,
				5B4183CD257A5DE100AB572D /* TransportDetailViewController.swift */,
				5B4183D2257A5E4900AB572D /* TransportDetailViewModel.swift */,
				5B4183D7257A5FD900AB572D /* TransportDetailCoordinator.swift */,
				5B8D54EF257A7CFD00A45B71 /* TransportDetailSceneDelegate.swift */,
			);
			path = "Detail Scene";
			sourceTree = "<group>";
		};
		5B4957B92577DD130070F04B /* Application */ = {
			isa = PBXGroup;
			children = (
				5B4957BA2577DD180070F04B /* UseCases */,
			);
			path = Application;
			sourceTree = "<group>";
		};
		5B4957BA2577DD180070F04B /* UseCases */ = {
			isa = PBXGroup;
			children = (
				5B4957BB2577DD560070F04B /* TransportsFetcherSpec.swift */,
			);
			path = UseCases;
			sourceTree = "<group>";
		};
		5B8D5503257A9BA500A45B71 /* CompanyZoneProviders */ = {
			isa = PBXGroup;
			children = (
				5B8D5504257A9BBE00A45B71 /* CompanyZoneProviders.swift */,
			);
			path = CompanyZoneProviders;
			sourceTree = "<group>";
		};
/* End PBXGroup section */

/* Begin PBXNativeTarget section */
		5B230D752575525100A161A2 /* MeepTest */ = {
			isa = PBXNativeTarget;
			buildConfigurationList = 5B230DA02575525400A161A2 /* Build configuration list for PBXNativeTarget "MeepTest" */;
			buildPhases = (
				5B230D722575525100A161A2 /* Sources */,
				5B230D732575525100A161A2 /* Frameworks */,
				5B230D742575525100A161A2 /* Resources */,
			);
			buildRules = (
			);
			dependencies = (
			);
			name = MeepTest;
			packageProductDependencies = (
				5B285F672576538900B62C59 /* RxSwift */,
				5B285F692576538900B62C59 /* RxCocoa */,
				5B285F6B2576538900B62C59 /* RxBlocking */,
				5B41838C2579346800AB572D /* Moya */,
				5B41838E2579346800AB572D /* RxMoya */,
			);
			productName = MeepTest;
			productReference = 5B230D762575525100A161A2 /* MeepTest.app */;
			productType = "com.apple.product-type.application";
		};
		5B230D8B2575525400A161A2 /* MeepTestTests */ = {
			isa = PBXNativeTarget;
			buildConfigurationList = 5B230DA32575525400A161A2 /* Build configuration list for PBXNativeTarget "MeepTestTests" */;
			buildPhases = (
				5B230D882575525400A161A2 /* Sources */,
				5B230D892575525400A161A2 /* Frameworks */,
				5B230D8A2575525400A161A2 /* Resources */,
			);
			buildRules = (
			);
			dependencies = (
				5B230D8E2575525400A161A2 /* PBXTargetDependency */,
			);
			name = MeepTestTests;
			packageProductDependencies = (
				5B285F71257655B800B62C59 /* Quick */,
				5B285F77257655F100B62C59 /* Nimble */,
			);
			productName = MeepTestTests;
			productReference = 5B230D8C2575525400A161A2 /* MeepTestTests.xctest */;
			productType = "com.apple.product-type.bundle.unit-test";
		};
		5B230D962575525400A161A2 /* MeepTestUITests */ = {
			isa = PBXNativeTarget;
			buildConfigurationList = 5B230DA62575525400A161A2 /* Build configuration list for PBXNativeTarget "MeepTestUITests" */;
			buildPhases = (
				5B230D932575525400A161A2 /* Sources */,
				5B230D942575525400A161A2 /* Frameworks */,
				5B230D952575525400A161A2 /* Resources */,
			);
			buildRules = (
			);
			dependencies = (
				5B230D992575525400A161A2 /* PBXTargetDependency */,
			);
			name = MeepTestUITests;
			productName = MeepTestUITests;
			productReference = 5B230D972575525400A161A2 /* MeepTestUITests.xctest */;
			productType = "com.apple.product-type.bundle.ui-testing";
		};
/* End PBXNativeTarget section */

/* Begin PBXProject section */
		5B230D6E2575525100A161A2 /* Project object */ = {
			isa = PBXProject;
			attributes = {
				LastSwiftUpdateCheck = 1200;
				LastUpgradeCheck = 1200;
				TargetAttributes = {
					5B230D752575525100A161A2 = {
						CreatedOnToolsVersion = 12.0.1;
					};
					5B230D8B2575525400A161A2 = {
						CreatedOnToolsVersion = 12.0.1;
						TestTargetID = 5B230D752575525100A161A2;
					};
					5B230D962575525400A161A2 = {
						CreatedOnToolsVersion = 12.0.1;
						TestTargetID = 5B230D752575525100A161A2;
					};
				};
			};
			buildConfigurationList = 5B230D712575525100A161A2 /* Build configuration list for PBXProject "MeepTest" */;
			compatibilityVersion = "Xcode 9.3";
			developmentRegion = en;
			hasScannedForEncodings = 0;
			knownRegions = (
				en,
				Base,
			);
			mainGroup = 5B230D6D2575525100A161A2;
			packageReferences = (
				5B285F662576538900B62C59 /* XCRemoteSwiftPackageReference "RxSwift" */,
				5B285F70257655B800B62C59 /* XCRemoteSwiftPackageReference "Quick" */,
				5B285F76257655F100B62C59 /* XCRemoteSwiftPackageReference "Nimble" */,
				5B41838B2579346800AB572D /* XCRemoteSwiftPackageReference "Moya" */,
			);
			productRefGroup = 5B230D772575525100A161A2 /* Products */;
			projectDirPath = "";
			projectRoot = "";
			targets = (
				5B230D752575525100A161A2 /* MeepTest */,
				5B230D8B2575525400A161A2 /* MeepTestTests */,
				5B230D962575525400A161A2 /* MeepTestUITests */,
			);
		};
/* End PBXProject section */

/* Begin PBXResourcesBuildPhase section */
		5B230D742575525100A161A2 /* Resources */ = {
			isa = PBXResourcesBuildPhase;
			buildActionMask = 2147483647;
			files = (
				5B230D862575525400A161A2 /* LaunchScreen.storyboard in Resources */,
				5B230D832575525400A161A2 /* Assets.xcassets in Resources */,
			);
			runOnlyForDeploymentPostprocessing = 0;
		};
		5B230D8A2575525400A161A2 /* Resources */ = {
			isa = PBXResourcesBuildPhase;
			buildActionMask = 2147483647;
			files = (
				5B285F9725767EF900B62C59 /* TransportsSuccessResponse.json in Resources */,
			);
			runOnlyForDeploymentPostprocessing = 0;
		};
		5B230D952575525400A161A2 /* Resources */ = {
			isa = PBXResourcesBuildPhase;
			buildActionMask = 2147483647;
			files = (
			);
			runOnlyForDeploymentPostprocessing = 0;
		};
/* End PBXResourcesBuildPhase section */

/* Begin PBXSourcesBuildPhase section */
		5B230D722575525100A161A2 /* Sources */ = {
			isa = PBXSourcesBuildPhase;
			buildActionMask = 2147483647;
			files = (
				5B285FB925768A0500B62C59 /* TransportsDataModelV1.swift in Sources */,
				5B8D54F0257A7CFD00A45B71 /* TransportDetailSceneDelegate.swift in Sources */,
				5B4183C9257A5D6800AB572D /* TransportDetailViewState.swift in Sources */,
				5B230D7A2575525100A161A2 /* AppDelegate.swift in Sources */,
				5B285F622576526E00B62C59 /* TransportRepository.swift in Sources */,
				5B285FE625768EEE00B62C59 /* AnyTransportDataModelMapper.swift in Sources */,
				5B285FE025768D6F00B62C59 /* TransportDataModelToDomainMapper.swift in Sources */,
				5B4183C4257A588700AB572D /* TransportDetailView.swift in Sources */,
				5B285FDA25768C3100B62C59 /* APIClient.swift in Sources */,
				5B4183652577F80600AB572D /* TransportsMapViewController.swift in Sources */,
				5B285FD125768AC000B62C59 /* TransportRequestV1.swift in Sources */,
				5B4183BB257A548200AB572D /* TransportsMapViewCoordinator.swift in Sources */,
				5B285F842576570A00B62C59 /* TransportsFetcher.swift in Sources */,
				5B41836D2577F81300AB572D /* TransportsMapViewModel.swift in Sources */,
				5B285FC325768A7500B62C59 /* Region.swift in Sources */,
				5B285F5A2576516500B62C59 /* Transport.swift in Sources */,
				5B41839D2579501800AB572D /* Configuration.swift in Sources */,
				5B41837F2578FFC700AB572D /* TransportsMapViewStateModels.swift in Sources */,
				5B8D5505257A9BBE00A45B71 /* CompanyZoneProviders.swift in Sources */,
				5B4183D8257A5FD900AB572D /* TransportDetailCoordinator.swift in Sources */,
				5B4183842579018D00AB572D /* TransportsAPIClient.swift in Sources */,
				5B4183CE257A5DE100AB572D /* TransportDetailViewController.swift in Sources */,
				5B285FCB25768A8700B62C59 /* City.swift in Sources */,
				5B4183942579389300AB572D /* Endpoint.swift in Sources */,
				5B4183D3257A5E4900AB572D /* TransportDetailViewModel.swift in Sources */,
				5B4183DD257A69DD00AB572D /* MapViewSceneDelegate.swift in Sources */,
			);
			runOnlyForDeploymentPostprocessing = 0;
		};
		5B230D882575525400A161A2 /* Sources */ = {
			isa = PBXSourcesBuildPhase;
			buildActionMask = 2147483647;
			files = (
				5B285FF125768FE200B62C59 /* AnyTransportDataModelToDomainSpec.swift in Sources */,
				5B285FA9257680CB00B62C59 /* JsonLoader.swift in Sources */,
				5B4183A9257A4DF100AB572D /* TransportsMapViewModelIntegrationSpec.swift in Sources */,
				5B230D912575525400A161A2 /* MeepTestTests.swift in Sources */,
				5B285FA025767F5100B62C59 /* AnyTransportDataModelSpec.swift in Sources */,
				5B4957BC2577DD560070F04B /* TransportsFetcherSpec.swift in Sources */,
				5B285F8E257658B500B62C59 /* TransportsAPIClientMock.swift in Sources */,
			);
			runOnlyForDeploymentPostprocessing = 0;
		};
		5B230D932575525400A161A2 /* Sources */ = {
			isa = PBXSourcesBuildPhase;
			buildActionMask = 2147483647;
			files = (
				5B230D9C2575525400A161A2 /* MeepTestUITests.swift in Sources */,
			);
			runOnlyForDeploymentPostprocessing = 0;
		};
/* End PBXSourcesBuildPhase section */

/* Begin PBXTargetDependency section */
		5B230D8E2575525400A161A2 /* PBXTargetDependency */ = {
			isa = PBXTargetDependency;
			target = 5B230D752575525100A161A2 /* MeepTest */;
			targetProxy = 5B230D8D2575525400A161A2 /* PBXContainerItemProxy */;
		};
		5B230D992575525400A161A2 /* PBXTargetDependency */ = {
			isa = PBXTargetDependency;
			target = 5B230D752575525100A161A2 /* MeepTest */;
			targetProxy = 5B230D982575525400A161A2 /* PBXContainerItemProxy */;
		};
/* End PBXTargetDependency section */

/* Begin PBXVariantGroup section */
		5B230D842575525400A161A2 /* LaunchScreen.storyboard */ = {
			isa = PBXVariantGroup;
			children = (
				5B230D852575525400A161A2 /* Base */,
			);
			name = LaunchScreen.storyboard;
			sourceTree = "<group>";
		};
/* End PBXVariantGroup section */

/* Begin XCBuildConfiguration section */
		5B230D9E2575525400A161A2 /* Debug */ = {
			isa = XCBuildConfiguration;
			buildSettings = {
				ALWAYS_SEARCH_USER_PATHS = NO;
				CLANG_ANALYZER_NONNULL = YES;
				CLANG_ANALYZER_NUMBER_OBJECT_CONVERSION = YES_AGGRESSIVE;
				CLANG_CXX_LANGUAGE_STANDARD = "gnu++14";
				CLANG_CXX_LIBRARY = "libc++";
				CLANG_ENABLE_MODULES = YES;
				CLANG_ENABLE_OBJC_ARC = YES;
				CLANG_ENABLE_OBJC_WEAK = YES;
				CLANG_WARN_BLOCK_CAPTURE_AUTORELEASING = YES;
				CLANG_WARN_BOOL_CONVERSION = YES;
				CLANG_WARN_COMMA = YES;
				CLANG_WARN_CONSTANT_CONVERSION = YES;
				CLANG_WARN_DEPRECATED_OBJC_IMPLEMENTATIONS = YES;
				CLANG_WARN_DIRECT_OBJC_ISA_USAGE = YES_ERROR;
				CLANG_WARN_DOCUMENTATION_COMMENTS = YES;
				CLANG_WARN_EMPTY_BODY = YES;
				CLANG_WARN_ENUM_CONVERSION = YES;
				CLANG_WARN_INFINITE_RECURSION = YES;
				CLANG_WARN_INT_CONVERSION = YES;
				CLANG_WARN_NON_LITERAL_NULL_CONVERSION = YES;
				CLANG_WARN_OBJC_IMPLICIT_RETAIN_SELF = YES;
				CLANG_WARN_OBJC_LITERAL_CONVERSION = YES;
				CLANG_WARN_OBJC_ROOT_CLASS = YES_ERROR;
				CLANG_WARN_QUOTED_INCLUDE_IN_FRAMEWORK_HEADER = YES;
				CLANG_WARN_RANGE_LOOP_ANALYSIS = YES;
				CLANG_WARN_STRICT_PROTOTYPES = YES;
				CLANG_WARN_SUSPICIOUS_MOVE = YES;
				CLANG_WARN_UNGUARDED_AVAILABILITY = YES_AGGRESSIVE;
				CLANG_WARN_UNREACHABLE_CODE = YES;
				CLANG_WARN__DUPLICATE_METHOD_MATCH = YES;
				COPY_PHASE_STRIP = NO;
				DEBUG_INFORMATION_FORMAT = dwarf;
				ENABLE_STRICT_OBJC_MSGSEND = YES;
				ENABLE_TESTABILITY = YES;
				GCC_C_LANGUAGE_STANDARD = gnu11;
				GCC_DYNAMIC_NO_PIC = NO;
				GCC_NO_COMMON_BLOCKS = YES;
				GCC_OPTIMIZATION_LEVEL = 0;
				GCC_PREPROCESSOR_DEFINITIONS = (
					"DEBUG=1",
					"$(inherited)",
				);
				GCC_WARN_64_TO_32_BIT_CONVERSION = YES;
				GCC_WARN_ABOUT_RETURN_TYPE = YES_ERROR;
				GCC_WARN_UNDECLARED_SELECTOR = YES;
				GCC_WARN_UNINITIALIZED_AUTOS = YES_AGGRESSIVE;
				GCC_WARN_UNUSED_FUNCTION = YES;
				GCC_WARN_UNUSED_VARIABLE = YES;
				IPHONEOS_DEPLOYMENT_TARGET = 12.0;
				MTL_ENABLE_DEBUG_INFO = INCLUDE_SOURCE;
				MTL_FAST_MATH = YES;
				ONLY_ACTIVE_ARCH = YES;
				SDKROOT = iphoneos;
				SWIFT_ACTIVE_COMPILATION_CONDITIONS = DEBUG;
				SWIFT_OPTIMIZATION_LEVEL = "-Onone";
			};
			name = Debug;
		};
		5B230D9F2575525400A161A2 /* Release */ = {
			isa = XCBuildConfiguration;
			buildSettings = {
				ALWAYS_SEARCH_USER_PATHS = NO;
				CLANG_ANALYZER_NONNULL = YES;
				CLANG_ANALYZER_NUMBER_OBJECT_CONVERSION = YES_AGGRESSIVE;
				CLANG_CXX_LANGUAGE_STANDARD = "gnu++14";
				CLANG_CXX_LIBRARY = "libc++";
				CLANG_ENABLE_MODULES = YES;
				CLANG_ENABLE_OBJC_ARC = YES;
				CLANG_ENABLE_OBJC_WEAK = YES;
				CLANG_WARN_BLOCK_CAPTURE_AUTORELEASING = YES;
				CLANG_WARN_BOOL_CONVERSION = YES;
				CLANG_WARN_COMMA = YES;
				CLANG_WARN_CONSTANT_CONVERSION = YES;
				CLANG_WARN_DEPRECATED_OBJC_IMPLEMENTATIONS = YES;
				CLANG_WARN_DIRECT_OBJC_ISA_USAGE = YES_ERROR;
				CLANG_WARN_DOCUMENTATION_COMMENTS = YES;
				CLANG_WARN_EMPTY_BODY = YES;
				CLANG_WARN_ENUM_CONVERSION = YES;
				CLANG_WARN_INFINITE_RECURSION = YES;
				CLANG_WARN_INT_CONVERSION = YES;
				CLANG_WARN_NON_LITERAL_NULL_CONVERSION = YES;
				CLANG_WARN_OBJC_IMPLICIT_RETAIN_SELF = YES;
				CLANG_WARN_OBJC_LITERAL_CONVERSION = YES;
				CLANG_WARN_OBJC_ROOT_CLASS = YES_ERROR;
				CLANG_WARN_QUOTED_INCLUDE_IN_FRAMEWORK_HEADER = YES;
				CLANG_WARN_RANGE_LOOP_ANALYSIS = YES;
				CLANG_WARN_STRICT_PROTOTYPES = YES;
				CLANG_WARN_SUSPICIOUS_MOVE = YES;
				CLANG_WARN_UNGUARDED_AVAILABILITY = YES_AGGRESSIVE;
				CLANG_WARN_UNREACHABLE_CODE = YES;
				CLANG_WARN__DUPLICATE_METHOD_MATCH = YES;
				COPY_PHASE_STRIP = NO;
				DEBUG_INFORMATION_FORMAT = "dwarf-with-dsym";
				ENABLE_NS_ASSERTIONS = NO;
				ENABLE_STRICT_OBJC_MSGSEND = YES;
				GCC_C_LANGUAGE_STANDARD = gnu11;
				GCC_NO_COMMON_BLOCKS = YES;
				GCC_WARN_64_TO_32_BIT_CONVERSION = YES;
				GCC_WARN_ABOUT_RETURN_TYPE = YES_ERROR;
				GCC_WARN_UNDECLARED_SELECTOR = YES;
				GCC_WARN_UNINITIALIZED_AUTOS = YES_AGGRESSIVE;
				GCC_WARN_UNUSED_FUNCTION = YES;
				GCC_WARN_UNUSED_VARIABLE = YES;
				IPHONEOS_DEPLOYMENT_TARGET = 12.0;
				MTL_ENABLE_DEBUG_INFO = NO;
				MTL_FAST_MATH = YES;
				SDKROOT = iphoneos;
				SWIFT_COMPILATION_MODE = wholemodule;
				SWIFT_OPTIMIZATION_LEVEL = "-O";
				VALIDATE_PRODUCT = YES;
			};
			name = Release;
		};
		5B230DA12575525400A161A2 /* Debug */ = {
			isa = XCBuildConfiguration;
			buildSettings = {
				ASSETCATALOG_COMPILER_APPICON_NAME = AppIcon;
				ASSETCATALOG_COMPILER_GLOBAL_ACCENT_COLOR_NAME = AccentColor;
				CODE_SIGN_STYLE = Manual;
				DEVELOPMENT_TEAM = "";
				INFOPLIST_FILE = MeepTest/Info.plist;
				IPHONEOS_DEPLOYMENT_TARGET = 12.0;
				LD_RUNPATH_SEARCH_PATHS = (
					"$(inherited)",
					"@executable_path/Frameworks",
				);
				PRODUCT_BUNDLE_IDENTIFIER = com.polenoso.MeepTest;
				PRODUCT_NAME = "$(TARGET_NAME)";
				PROVISIONING_PROFILE_SPECIFIER = "";
				SWIFT_VERSION = 5.0;
				TARGETED_DEVICE_FAMILY = "1,2";
			};
			name = Debug;
		};
		5B230DA22575525400A161A2 /* Release */ = {
			isa = XCBuildConfiguration;
			buildSettings = {
				ASSETCATALOG_COMPILER_APPICON_NAME = AppIcon;
				ASSETCATALOG_COMPILER_GLOBAL_ACCENT_COLOR_NAME = AccentColor;
				CODE_SIGN_STYLE = Manual;
				DEVELOPMENT_TEAM = "";
				INFOPLIST_FILE = MeepTest/Info.plist;
				IPHONEOS_DEPLOYMENT_TARGET = 12.0;
				LD_RUNPATH_SEARCH_PATHS = (
					"$(inherited)",
					"@executable_path/Frameworks",
				);
				PRODUCT_BUNDLE_IDENTIFIER = com.polenoso.MeepTest;
				PRODUCT_NAME = "$(TARGET_NAME)";
				PROVISIONING_PROFILE_SPECIFIER = "";
				SWIFT_VERSION = 5.0;
				TARGETED_DEVICE_FAMILY = "1,2";
			};
			name = Release;
		};
		5B230DA42575525400A161A2 /* Debug */ = {
			isa = XCBuildConfiguration;
			buildSettings = {
				ALWAYS_EMBED_SWIFT_STANDARD_LIBRARIES = YES;
				BUNDLE_LOADER = "$(TEST_HOST)";
				CODE_SIGN_STYLE = Automatic;
				INFOPLIST_FILE = MeepTestTests/Info.plist;
				IPHONEOS_DEPLOYMENT_TARGET = 14.0;
				LD_RUNPATH_SEARCH_PATHS = (
					"$(inherited)",
					"@executable_path/Frameworks",
					"@loader_path/Frameworks",
				);
				PRODUCT_BUNDLE_IDENTIFIER = com.polenoso.MeepTestTests;
				PRODUCT_NAME = "$(TARGET_NAME)";
				SWIFT_VERSION = 5.0;
				TARGETED_DEVICE_FAMILY = "1,2";
				TEST_HOST = "$(BUILT_PRODUCTS_DIR)/MeepTest.app/MeepTest";
			};
			name = Debug;
		};
		5B230DA52575525400A161A2 /* Release */ = {
			isa = XCBuildConfiguration;
			buildSettings = {
				ALWAYS_EMBED_SWIFT_STANDARD_LIBRARIES = YES;
				BUNDLE_LOADER = "$(TEST_HOST)";
				CODE_SIGN_STYLE = Automatic;
				INFOPLIST_FILE = MeepTestTests/Info.plist;
				IPHONEOS_DEPLOYMENT_TARGET = 14.0;
				LD_RUNPATH_SEARCH_PATHS = (
					"$(inherited)",
					"@executable_path/Frameworks",
					"@loader_path/Frameworks",
				);
				PRODUCT_BUNDLE_IDENTIFIER = com.polenoso.MeepTestTests;
				PRODUCT_NAME = "$(TARGET_NAME)";
				SWIFT_VERSION = 5.0;
				TARGETED_DEVICE_FAMILY = "1,2";
				TEST_HOST = "$(BUILT_PRODUCTS_DIR)/MeepTest.app/MeepTest";
			};
			name = Release;
		};
		5B230DA72575525400A161A2 /* Debug */ = {
			isa = XCBuildConfiguration;
			buildSettings = {
				ALWAYS_EMBED_SWIFT_STANDARD_LIBRARIES = YES;
				CODE_SIGN_STYLE = Automatic;
				INFOPLIST_FILE = MeepTestUITests/Info.plist;
				LD_RUNPATH_SEARCH_PATHS = (
					"$(inherited)",
					"@executable_path/Frameworks",
					"@loader_path/Frameworks",
				);
				PRODUCT_BUNDLE_IDENTIFIER = com.polenoso.MeepTestUITests;
				PRODUCT_NAME = "$(TARGET_NAME)";
				SWIFT_VERSION = 5.0;
				TARGETED_DEVICE_FAMILY = "1,2";
				TEST_TARGET_NAME = MeepTest;
			};
			name = Debug;
		};
		5B230DA82575525400A161A2 /* Release */ = {
			isa = XCBuildConfiguration;
			buildSettings = {
				ALWAYS_EMBED_SWIFT_STANDARD_LIBRARIES = YES;
				CODE_SIGN_STYLE = Automatic;
				INFOPLIST_FILE = MeepTestUITests/Info.plist;
				LD_RUNPATH_SEARCH_PATHS = (
					"$(inherited)",
					"@executable_path/Frameworks",
					"@loader_path/Frameworks",
				);
				PRODUCT_BUNDLE_IDENTIFIER = com.polenoso.MeepTestUITests;
				PRODUCT_NAME = "$(TARGET_NAME)";
				SWIFT_VERSION = 5.0;
				TARGETED_DEVICE_FAMILY = "1,2";
				TEST_TARGET_NAME = MeepTest;
			};
			name = Release;
		};
/* End XCBuildConfiguration section */

/* Begin XCConfigurationList section */
		5B230D712575525100A161A2 /* Build configuration list for PBXProject "MeepTest" */ = {
			isa = XCConfigurationList;
			buildConfigurations = (
				5B230D9E2575525400A161A2 /* Debug */,
				5B230D9F2575525400A161A2 /* Release */,
			);
			defaultConfigurationIsVisible = 0;
			defaultConfigurationName = Release;
		};
		5B230DA02575525400A161A2 /* Build configuration list for PBXNativeTarget "MeepTest" */ = {
			isa = XCConfigurationList;
			buildConfigurations = (
				5B230DA12575525400A161A2 /* Debug */,
				5B230DA22575525400A161A2 /* Release */,
			);
			defaultConfigurationIsVisible = 0;
			defaultConfigurationName = Release;
		};
		5B230DA32575525400A161A2 /* Build configuration list for PBXNativeTarget "MeepTestTests" */ = {
			isa = XCConfigurationList;
			buildConfigurations = (
				5B230DA42575525400A161A2 /* Debug */,
				5B230DA52575525400A161A2 /* Release */,
			);
			defaultConfigurationIsVisible = 0;
			defaultConfigurationName = Release;
		};
		5B230DA62575525400A161A2 /* Build configuration list for PBXNativeTarget "MeepTestUITests" */ = {
			isa = XCConfigurationList;
			buildConfigurations = (
				5B230DA72575525400A161A2 /* Debug */,
				5B230DA82575525400A161A2 /* Release */,
			);
			defaultConfigurationIsVisible = 0;
			defaultConfigurationName = Release;
		};
/* End XCConfigurationList section */

/* Begin XCRemoteSwiftPackageReference section */
		5B285F662576538900B62C59 /* XCRemoteSwiftPackageReference "RxSwift" */ = {
			isa = XCRemoteSwiftPackageReference;
			repositoryURL = "https://github.com/ReactiveX/RxSwift.git";
			requirement = {
				kind = upToNextMajorVersion;
				minimumVersion = 5.0.0;
			};
		};
		5B285F70257655B800B62C59 /* XCRemoteSwiftPackageReference "Quick" */ = {
			isa = XCRemoteSwiftPackageReference;
			repositoryURL = "https://github.com/Quick/Quick.git";
			requirement = {
				kind = upToNextMajorVersion;
				minimumVersion = 3.0.0;
			};
		};
		5B285F76257655F100B62C59 /* XCRemoteSwiftPackageReference "Nimble" */ = {
			isa = XCRemoteSwiftPackageReference;
			repositoryURL = "https://github.com/Quick/Nimble.git";
			requirement = {
				kind = upToNextMajorVersion;
				minimumVersion = 9.0.0;
			};
		};
		5B41838B2579346800AB572D /* XCRemoteSwiftPackageReference "Moya" */ = {
			isa = XCRemoteSwiftPackageReference;
			repositoryURL = "https://github.com/Moya/Moya.git";
			requirement = {
				kind = upToNextMajorVersion;
				minimumVersion = 14.0.0;
			};
		};
/* End XCRemoteSwiftPackageReference section */

/* Begin XCSwiftPackageProductDependency section */
		5B285F672576538900B62C59 /* RxSwift */ = {
			isa = XCSwiftPackageProductDependency;
			package = 5B285F662576538900B62C59 /* XCRemoteSwiftPackageReference "RxSwift" */;
			productName = RxSwift;
		};
		5B285F692576538900B62C59 /* RxCocoa */ = {
			isa = XCSwiftPackageProductDependency;
			package = 5B285F662576538900B62C59 /* XCRemoteSwiftPackageReference "RxSwift" */;
			productName = RxCocoa;
		};
		5B285F6B2576538900B62C59 /* RxBlocking */ = {
			isa = XCSwiftPackageProductDependency;
			package = 5B285F662576538900B62C59 /* XCRemoteSwiftPackageReference "RxSwift" */;
			productName = RxBlocking;
		};
		5B285F71257655B800B62C59 /* Quick */ = {
			isa = XCSwiftPackageProductDependency;
			package = 5B285F70257655B800B62C59 /* XCRemoteSwiftPackageReference "Quick" */;
			productName = Quick;
		};
		5B285F77257655F100B62C59 /* Nimble */ = {
			isa = XCSwiftPackageProductDependency;
			package = 5B285F76257655F100B62C59 /* XCRemoteSwiftPackageReference "Nimble" */;
			productName = Nimble;
		};
		5B41838C2579346800AB572D /* Moya */ = {
			isa = XCSwiftPackageProductDependency;
			package = 5B41838B2579346800AB572D /* XCRemoteSwiftPackageReference "Moya" */;
			productName = Moya;
		};
		5B41838E2579346800AB572D /* RxMoya */ = {
			isa = XCSwiftPackageProductDependency;
			package = 5B41838B2579346800AB572D /* XCRemoteSwiftPackageReference "Moya" */;
			productName = RxMoya;
		};
/* End XCSwiftPackageProductDependency section */
	};
	rootObject = 5B230D6E2575525100A161A2 /* Project object */;
}
